{
	"name": "kiwi_git_hooks",
	"version": "1.0.0",
	"lockfileVersion": 3,
	"requires": true,
	"packages": {
		"": {
			"name": "kiwi_git_hooks",
			"version": "1.0.0",
			"hasInstallScript": true,
			"license": "MIT",
			"bin": {
				"install-git-hooks": "bin/install-hooks.js"
			}
		}
	}
}
